
Microsoft Visual Studio Solution File, Format Version 12.00
# Visual Studio Version 17
VisualStudioVersion = 17.13.35507.96 d17.13
MinimumVisualStudioVersion = 10.0.40219.1
Project("{FAE04EC0-301F-11D3-BF4B-00C04F79EFBC}") = "WebApplication1", "WebApplication1\WebApplication1.csproj", "{326A2D41-0F00-4DBA-B0D7-866FDE1ABDE9}"
EndProject
Global
	GlobalSection(SolutionConfigurationPlatforms) = preSolution
		Debug|Any CPU = Debug|Any CPU
		Release|Any CPU = Release|Any CPU
	EndGlobalSection
	GlobalSection(ProjectConfigurationPlatforms) = postSolution
		{326A2D41-0F00-4DBA-B0D7-866FDE1ABDE9}.Debug|Any CPU.ActiveCfg = Debug|Any CPU
		{326A2D41-0F00-4DBA-B0D7-866FDE1ABDE9}.Debug|Any CPU.Build.0 = Debug|Any CPU
		{326A2D41-0F00-4DBA-B0D7-866FDE1ABDE9}.Release|Any CPU.ActiveCfg = Release|Any CPU
		{326A2D41-0F00-4DBA-B0D7-866FDE1ABDE9}.Release|Any CPU.Build.0 = Release|Any CPU
	EndGlobalSection
	GlobalSection(SolutionProperties) = preSolution
		HideSolutionNode = FALSE
	EndGlobalSection
	GlobalSection(ExtensibilityGlobals) = postSolution
		SolutionGuid = {883649AA-2E2F-41C8-B2F0-38EDA4C134F0}
	EndGlobalSection
EndGlobal
